
Microsoft Visual Studio Solution File, Format Version 12.00
# Visual Studio 14
VisualStudioVersion = 14.0.25420.1
MinimumVisualStudioVersion = 10.0.40219.1
Project("{FAE04EC0-301F-11D3-BF4B-00C04F79EFBC}") = "TomatoStudy", "WordRemember\TomatoStudy.csproj", "{99C9E82C-C594-446D-AA59-8FFBC43AD226}"
EndProject
Project("{FAE04EC0-301F-11D3-BF4B-00C04F79EFBC}") = "Domain", "Domain\Domain.csproj", "{F7708240-AE11-4AC8-AF85-849F43CEF20F}"
EndProject
Project("{FAE04EC0-301F-11D3-BF4B-00C04F79EFBC}") = "Services", "Services\Services.csproj", "{5BD77766-D3BB-4270-B3CB-2BF159D59109}"
EndProject
Project("{FAE04EC0-301F-11D3-BF4B-00C04F79EFBC}") = "Practice", "Practice\Practice.csproj", "{AB8B448C-DD74-4D60-A041-3E5D03A32180}"
EndProject
Project("{2150E333-8FDC-42A3-9474-1A3956D46DE8}") = "Modules", "Modules", "{E438AE81-E653-4966-A6AC-B2D1A25B5251}"
EndProject
Project("{FAE04EC0-301F-11D3-BF4B-00C04F79EFBC}") = "Statistics", "Statistics\Statistics.csproj", "{E5549EB3-10A4-4630-A657-BC2A735D000E}"
EndProject
Project("{FAE04EC0-301F-11D3-BF4B-00C04F79EFBC}") = "Managerment", "Managerment\Managerment.csproj", "{B445FD31-E76B-41DD-A2A6-94A93FB35BF0}"
EndProject
Project("{FAE04EC0-301F-11D3-BF4B-00C04F79EFBC}") = "Common", "Common\Common.csproj", "{DF52D65C-B913-40E4-8A1A-AE7BA4349021}"
EndProject
Project("{FAE04EC0-301F-11D3-BF4B-00C04F79EFBC}") = "WPF.Common", "WPF.Common\WPF.Common.csproj", "{ECAF3949-46B9-419B-8F92-8E6AAF8CB7DC}"
EndProject
Project("{FAE04EC0-301F-11D3-BF4B-00C04F79EFBC}") = "Models", "Models\Models.csproj", "{4A849462-C350-4D0A-AABE-2C00756004BA}"
EndProject
Project("{FAE04EC0-301F-11D3-BF4B-00C04F79EFBC}") = "Contract", "Contract\Contract.csproj", "{BEBE6191-9E3D-4CBD-AB11-A0C038CB6614}"
EndProject
Project("{FAE04EC0-301F-11D3-BF4B-00C04F79EFBC}") = "Tomato.Exercise", "Tomato.Exercise\Tomato.Exercise.csproj", "{F4BE5E93-51B5-4FD9-97B0-1381CB769FD5}"
EndProject
Project("{FAE04EC0-301F-11D3-BF4B-00C04F79EFBC}") = "Tomato.Services", "Tomato.Services\Tomato.Services.csproj", "{90A875C0-1264-4EBE-A521-490A00D0BCB7}"
EndProject
Project("{FAE04EC0-301F-11D3-BF4B-00C04F79EFBC}") = "WPF.Controls", "WPF.Controls\WPF.Controls.csproj", "{C930094B-F3F1-4BFE-9EEF-43529D385BE6}"
EndProject
Project("{FAE04EC0-301F-11D3-BF4B-00C04F79EFBC}") = "Tomato.MediaPlayer", "Tomato.MediaPlayer\Tomato.MediaPlayer.csproj", "{13189D6B-D056-43C5-A42A-C8CA4A03ABE8}"
EndProject
Global
	GlobalSection(SolutionConfigurationPlatforms) = preSolution
		Debug|Any CPU = Debug|Any CPU
		Release|Any CPU = Release|Any CPU
	EndGlobalSection
	GlobalSection(ProjectConfigurationPlatforms) = postSolution
		{99C9E82C-C594-446D-AA59-8FFBC43AD226}.Debug|Any CPU.ActiveCfg = Debug|Any CPU
		{99C9E82C-C594-446D-AA59-8FFBC43AD226}.Debug|Any CPU.Build.0 = Debug|Any CPU
		{99C9E82C-C594-446D-AA59-8FFBC43AD226}.Release|Any CPU.ActiveCfg = Release|Any CPU
		{99C9E82C-C594-446D-AA59-8FFBC43AD226}.Release|Any CPU.Build.0 = Release|Any CPU
		{F7708240-AE11-4AC8-AF85-849F43CEF20F}.Debug|Any CPU.ActiveCfg = Debug|Any CPU
		{F7708240-AE11-4AC8-AF85-849F43CEF20F}.Debug|Any CPU.Build.0 = Debug|Any CPU
		{F7708240-AE11-4AC8-AF85-849F43CEF20F}.Release|Any CPU.ActiveCfg = Release|Any CPU
		{F7708240-AE11-4AC8-AF85-849F43CEF20F}.Release|Any CPU.Build.0 = Release|Any CPU
		{5BD77766-D3BB-4270-B3CB-2BF159D59109}.Debug|Any CPU.ActiveCfg = Debug|Any CPU
		{5BD77766-D3BB-4270-B3CB-2BF159D59109}.Debug|Any CPU.Build.0 = Debug|Any CPU
		{5BD77766-D3BB-4270-B3CB-2BF159D59109}.Release|Any CPU.ActiveCfg = Release|Any CPU
		{5BD77766-D3BB-4270-B3CB-2BF159D59109}.Release|Any CPU.Build.0 = Release|Any CPU
		{AB8B448C-DD74-4D60-A041-3E5D03A32180}.Debug|Any CPU.ActiveCfg = Debug|Any CPU
		{AB8B448C-DD74-4D60-A041-3E5D03A32180}.Debug|Any CPU.Build.0 = Debug|Any CPU
		{AB8B448C-DD74-4D60-A041-3E5D03A32180}.Release|Any CPU.ActiveCfg = Release|Any CPU
		{AB8B448C-DD74-4D60-A041-3E5D03A32180}.Release|Any CPU.Build.0 = Release|Any CPU
		{E5549EB3-10A4-4630-A657-BC2A735D000E}.Debug|Any CPU.ActiveCfg = Debug|Any CPU
		{E5549EB3-10A4-4630-A657-BC2A735D000E}.Debug|Any CPU.Build.0 = Debug|Any CPU
		{E5549EB3-10A4-4630-A657-BC2A735D000E}.Release|Any CPU.ActiveCfg = Release|Any CPU
		{E5549EB3-10A4-4630-A657-BC2A735D000E}.Release|Any CPU.Build.0 = Release|Any CPU
		{B445FD31-E76B-41DD-A2A6-94A93FB35BF0}.Debug|Any CPU.ActiveCfg = Debug|Any CPU
		{B445FD31-E76B-41DD-A2A6-94A93FB35BF0}.Debug|Any CPU.Build.0 = Debug|Any CPU
		{B445FD31-E76B-41DD-A2A6-94A93FB35BF0}.Release|Any CPU.ActiveCfg = Release|Any CPU
		{B445FD31-E76B-41DD-A2A6-94A93FB35BF0}.Release|Any CPU.Build.0 = Release|Any CPU
		{DF52D65C-B913-40E4-8A1A-AE7BA4349021}.Debug|Any CPU.ActiveCfg = Debug|Any CPU
		{DF52D65C-B913-40E4-8A1A-AE7BA4349021}.Debug|Any CPU.Build.0 = Debug|Any CPU
		{DF52D65C-B913-40E4-8A1A-AE7BA4349021}.Release|Any CPU.ActiveCfg = Release|Any CPU
		{DF52D65C-B913-40E4-8A1A-AE7BA4349021}.Release|Any CPU.Build.0 = Release|Any CPU
		{ECAF3949-46B9-419B-8F92-8E6AAF8CB7DC}.Debug|Any CPU.ActiveCfg = Debug|Any CPU
		{ECAF3949-46B9-419B-8F92-8E6AAF8CB7DC}.Debug|Any CPU.Build.0 = Debug|Any CPU
		{ECAF3949-46B9-419B-8F92-8E6AAF8CB7DC}.Release|Any CPU.ActiveCfg = Release|Any CPU
		{ECAF3949-46B9-419B-8F92-8E6AAF8CB7DC}.Release|Any CPU.Build.0 = Release|Any CPU
		{4A849462-C350-4D0A-AABE-2C00756004BA}.Debug|Any CPU.ActiveCfg = Debug|Any CPU
		{4A849462-C350-4D0A-AABE-2C00756004BA}.Debug|Any CPU.Build.0 = Debug|Any CPU
		{4A849462-C350-4D0A-AABE-2C00756004BA}.Release|Any CPU.ActiveCfg = Release|Any CPU
		{4A849462-C350-4D0A-AABE-2C00756004BA}.Release|Any CPU.Build.0 = Release|Any CPU
		{BEBE6191-9E3D-4CBD-AB11-A0C038CB6614}.Debug|Any CPU.ActiveCfg = Debug|Any CPU
		{BEBE6191-9E3D-4CBD-AB11-A0C038CB6614}.Debug|Any CPU.Build.0 = Debug|Any CPU
		{BEBE6191-9E3D-4CBD-AB11-A0C038CB6614}.Release|Any CPU.ActiveCfg = Release|Any CPU
		{BEBE6191-9E3D-4CBD-AB11-A0C038CB6614}.Release|Any CPU.Build.0 = Release|Any CPU
		{F4BE5E93-51B5-4FD9-97B0-1381CB769FD5}.Debug|Any CPU.ActiveCfg = Debug|Any CPU
		{F4BE5E93-51B5-4FD9-97B0-1381CB769FD5}.Debug|Any CPU.Build.0 = Debug|Any CPU
		{F4BE5E93-51B5-4FD9-97B0-1381CB769FD5}.Release|Any CPU.ActiveCfg = Release|Any CPU
		{F4BE5E93-51B5-4FD9-97B0-1381CB769FD5}.Release|Any CPU.Build.0 = Release|Any CPU
		{90A875C0-1264-4EBE-A521-490A00D0BCB7}.Debug|Any CPU.ActiveCfg = Debug|Any CPU
		{90A875C0-1264-4EBE-A521-490A00D0BCB7}.Debug|Any CPU.Build.0 = Debug|Any CPU
		{90A875C0-1264-4EBE-A521-490A00D0BCB7}.Release|Any CPU.ActiveCfg = Release|Any CPU
		{90A875C0-1264-4EBE-A521-490A00D0BCB7}.Release|Any CPU.Build.0 = Release|Any CPU
		{C930094B-F3F1-4BFE-9EEF-43529D385BE6}.Debug|Any CPU.ActiveCfg = Debug|Any CPU
		{C930094B-F3F1-4BFE-9EEF-43529D385BE6}.Debug|Any CPU.Build.0 = Debug|Any CPU
		{C930094B-F3F1-4BFE-9EEF-43529D385BE6}.Release|Any CPU.ActiveCfg = Release|Any CPU
		{C930094B-F3F1-4BFE-9EEF-43529D385BE6}.Release|Any CPU.Build.0 = Release|Any CPU
		{13189D6B-D056-43C5-A42A-C8CA4A03ABE8}.Debug|Any CPU.ActiveCfg = Debug|Any CPU
		{13189D6B-D056-43C5-A42A-C8CA4A03ABE8}.Debug|Any CPU.Build.0 = Debug|Any CPU
		{13189D6B-D056-43C5-A42A-C8CA4A03ABE8}.Release|Any CPU.ActiveCfg = Release|Any CPU
		{13189D6B-D056-43C5-A42A-C8CA4A03ABE8}.Release|Any CPU.Build.0 = Release|Any CPU
	EndGlobalSection
	GlobalSection(SolutionProperties) = preSolution
		HideSolutionNode = FALSE
	EndGlobalSection
	GlobalSection(NestedProjects) = preSolution
		{5BD77766-D3BB-4270-B3CB-2BF159D59109} = {E438AE81-E653-4966-A6AC-B2D1A25B5251}
		{AB8B448C-DD74-4D60-A041-3E5D03A32180} = {E438AE81-E653-4966-A6AC-B2D1A25B5251}
		{E5549EB3-10A4-4630-A657-BC2A735D000E} = {E438AE81-E653-4966-A6AC-B2D1A25B5251}
		{B445FD31-E76B-41DD-A2A6-94A93FB35BF0} = {E438AE81-E653-4966-A6AC-B2D1A25B5251}
		{F4BE5E93-51B5-4FD9-97B0-1381CB769FD5} = {E438AE81-E653-4966-A6AC-B2D1A25B5251}
		{90A875C0-1264-4EBE-A521-490A00D0BCB7} = {E438AE81-E653-4966-A6AC-B2D1A25B5251}
		{13189D6B-D056-43C5-A42A-C8CA4A03ABE8} = {E438AE81-E653-4966-A6AC-B2D1A25B5251}
	EndGlobalSection
EndGlobal
